
Microsoft Visual Studio Solution File, Format Version 12.00
# Visual Studio Version 17
VisualStudioVersion = 17.12.35209.166
MinimumVisualStudioVersion = 10.0.40219.1
Project("{FAE04EC0-301F-11D3-BF4B-00C04F79EFBC}") = "VacancyOneTestTask", "VacancyOneTestTask\VacancyOneTestTask.csproj", "{FE41985E-78BC-4544-ADE5-6ED54DE63FB7}"
EndProject
Project("{FAE04EC0-301F-11D3-BF4B-00C04F79EFBC}") = "VacancyOneTestTask.DataAccess", "VacancyOneTestTask.DataAccess\VacancyOneTestTask.DataAccess.csproj", "{4C95946D-BA69-430C-A764-7F906EF5C0BD}"
EndProject
Global
	GlobalSection(SolutionConfigurationPlatforms) = preSolution
		Debug|Any CPU = Debug|Any CPU
		Release|Any CPU = Release|Any CPU
	EndGlobalSection
	GlobalSection(ProjectConfigurationPlatforms) = postSolution
		{FE41985E-78BC-4544-ADE5-6ED54DE63FB7}.Debug|Any CPU.ActiveCfg = Debug|Any CPU
		{FE41985E-78BC-4544-ADE5-6ED54DE63FB7}.Debug|Any CPU.Build.0 = Debug|Any CPU
		{FE41985E-78BC-4544-ADE5-6ED54DE63FB7}.Release|Any CPU.ActiveCfg = Release|Any CPU
		{FE41985E-78BC-4544-ADE5-6ED54DE63FB7}.Release|Any CPU.Build.0 = Release|Any CPU
		{4C95946D-BA69-430C-A764-7F906EF5C0BD}.Debug|Any CPU.ActiveCfg = Debug|Any CPU
		{4C95946D-BA69-430C-A764-7F906EF5C0BD}.Debug|Any CPU.Build.0 = Debug|Any CPU
		{4C95946D-BA69-430C-A764-7F906EF5C0BD}.Release|Any CPU.ActiveCfg = Release|Any CPU
		{4C95946D-BA69-430C-A764-7F906EF5C0BD}.Release|Any CPU.Build.0 = Release|Any CPU
	EndGlobalSection
	GlobalSection(SolutionProperties) = preSolution
		HideSolutionNode = FALSE
	EndGlobalSection
	GlobalSection(ExtensibilityGlobals) = postSolution
		SolutionGuid = {DEDE8D9B-BB39-4DDD-88FA-D0EC658A43FB}
	EndGlobalSection
EndGlobal
